// !$*UTF8*$!
{
	archiveVersion = 1;
	classes = {
	};
	objectVersion = 50;
	objects = {

/* Begin PBXBuildFile section */
		9C8F9529250930BA00A83CD9 /* AppDelegate.swift in Sources */ = {isa = PBXBuildFile; fileRef = 9C8F9528250930BA00A83CD9 /* AppDelegate.swift */; };
		9C8F952B250930BA00A83CD9 /* SceneDelegate.swift in Sources */ = {isa = PBXBuildFile; fileRef = 9C8F952A250930BA00A83CD9 /* SceneDelegate.swift */; };
		9C8F952D250930BA00A83CD9 /* ViewController.swift in Sources */ = {isa = PBXBuildFile; fileRef = 9C8F952C250930BA00A83CD9 /* ViewController.swift */; };
		9C8F9530250930BA00A83CD9 /* Main.storyboard in Resources */ = {isa = PBXBuildFile; fileRef = 9C8F952E250930BA00A83CD9 /* Main.storyboard */; };
		9C8F9532250930C100A83CD9 /* Assets.xcassets in Resources */ = {isa = PBXBuildFile; fileRef = 9C8F9531250930C100A83CD9 /* Assets.xcassets */; };
		9C8F9535250930C100A83CD9 /* LaunchScreen.storyboard in Resources */ = {isa = PBXBuildFile; fileRef = 9C8F9533250930C100A83CD9 /* LaunchScreen.storyboard */; };
		9C8F9540250930C200A83CD9 /* PracticeMyAppTests.swift in Sources */ = {isa = PBXBuildFile; fileRef = 9C8F953F250930C200A83CD9 /* PracticeMyAppTests.swift */; };
		9C8F954B250930C200A83CD9 /* PracticeMyAppUITests.swift in Sources */ = {isa = PBXBuildFile; fileRef = 9C8F954A250930C200A83CD9 /* PracticeMyAppUITests.swift */; };
/* End PBXBuildFile section */

/* Begin PBXContainerItemProxy section */
		9C8F953C250930C200A83CD9 /* PBXContainerItemProxy */ = {
			isa = PBXContainerItemProxy;
			containerPortal = 9C8F951D250930BA00A83CD9 /* Project object */;
			proxyType = 1;
			remoteGlobalIDString = 9C8F9524250930BA00A83CD9;
			remoteInfo = PracticeMyApp;
		};
		9C8F9547250930C200A83CD9 /* PBXContainerItemProxy */ = {
			isa = PBXContainerItemProxy;
			containerPortal = 9C8F951D250930BA00A83CD9 /* Project object */;
			proxyType = 1;
			remoteGlobalIDString = 9C8F9524250930BA00A83CD9;
			remoteInfo = PracticeMyApp;
		};
/* End PBXContainerItemProxy section */

/* Begin PBXFileReference section */
		9C8F9525250930BA00A83CD9 /* PracticeMyApp.app */ = {isa = PBXFileReference; explicitFileType = wrapper.application; includeInIndex = 0; path = PracticeMyApp.app; sourceTree = BUILT_PRODUCTS_DIR; };
		9C8F9528250930BA00A83CD9 /* AppDelegate.swift */ = {isa = PBXFileReference; lastKnownFileType = sourcecode.swift; path = AppDelegate.swift; sourceTree = "<group>"; };
		9C8F952A250930BA00A83CD9 /* SceneDelegate.swift */ = {isa = PBXFileReference; lastKnownFileType = sourcecode.swift; path = SceneDelegate.swift; sourceTree = "<group>"; };
		9C8F952C250930BA00A83CD9 /* ViewController.swift */ = {isa = PBXFileReference; lastKnownFileType = sourcecode.swift; path = ViewController.swift; sourceTree = "<group>"; };
		9C8F952F250930BA00A83CD9 /* Base */ = {isa = PBXFileReference; lastKnownFileType = file.storyboard; name = Base; path = Base.lproj/Main.storyboard; sourceTree = "<group>"; };
		9C8F9531250930C100A83CD9 /* Assets.xcassets */ = {isa = PBXFileReference; lastKnownFileType = folder.assetcatalog; path = Assets.xcassets; sourceTree = "<group>"; };
		9C8F9534250930C100A83CD9 /* Base */ = {isa = PBXFileReference; lastKnownFileType = file.storyboard; name = Base; path = Base.lproj/LaunchScreen.storyboard; sourceTree = "<group>"; };
		9C8F9536250930C100A83CD9 /* Info.plist */ = {isa = PBXFileReference; lastKnownFileType = text.plist.xml; path = Info.plist; sourceTree = "<group>"; };
		9C8F953B250930C200A83CD9 /* PracticeMyAppTests.xctest */ = {isa = PBXFileReference; explicitFileType = wrapper.cfbundle; includeInIndex = 0; path = PracticeMyAppTests.xctest; sourceTree = BUILT_PRODUCTS_DIR; };
		9C8F953F250930C200A83CD9 /* PracticeMyAppTests.swift */ = {isa = PBXFileReference; lastKnownFileType = sourcecode.swift; path = PracticeMyAppTests.swift; sourceTree = "<group>"; };
		9C8F9541250930C200A83CD9 /* Info.plist */ = {isa = PBXFileReference; lastKnownFileType = text.plist.xml; path = Info.plist; sourceTree = "<group>"; };
		9C8F9546250930C200A83CD9 /* PracticeMyAppUITests.xctest */ = {isa = PBXFileReference; explicitFileType = wrapper.cfbundle; includeInIndex = 0; path = PracticeMyAppUITests.xctest; sourceTree = BUILT_PRODUCTS_DIR; };
		9C8F954A250930C200A83CD9 /* PracticeMyAppUITests.swift */ = {isa = PBXFileReference; lastKnownFileType = sourcecode.swift; path = PracticeMyAppUITests.swift; sourceTree = "<group>"; };
		9C8F954C250930C200A83CD9 /* Info.plist */ = {isa = PBXFileReference; lastKnownFileType = text.plist.xml; path = Info.plist; sourceTree = "<group>"; };
/* End PBXFileReference section */

/* Begin PBXFrameworksBuildPhase section */
		9C8F9522250930BA00A83CD9 /* Frameworks */ = {
			isa = PBXFrameworksBuildPhase;
			buildActionMask = 2147483647;
			files = (
			);
			runOnlyForDeploymentPostprocessing = 0;
		};
		9C8F9538250930C200A83CD9 /* Frameworks */ = {
			isa = PBXFrameworksBuildPhase;
			buildActionMask = 2147483647;
			files = (
			);
			runOnlyForDeploymentPostprocessing = 0;
		};
		9C8F9543250930C200A83CD9 /* Frameworks */ = {
			isa = PBXFrameworksBuildPhase;
			buildActionMask = 2147483647;
			files = (
			);
			runOnlyForDeploymentPostprocessing = 0;
		};
/* End PBXFrameworksBuildPhase section */

/* Begin PBXGroup section */
		9C8F951C250930BA00A83CD9 = {
			isa = PBXGroup;
			children = (
				9C8F9527250930BA00A83CD9 /* PracticeMyApp */,
				9C8F953E250930C200A83CD9 /* PracticeMyAppTests */,
				9C8F9549250930C200A83CD9 /* PracticeMyAppUITests */,
				9C8F9526250930BA00A83CD9 /* Products */,
			);
			sourceTree = "<group>";
		};
		9C8F9526250930BA00A83CD9 /* Products */ = {
			isa = PBXGroup;
			children = (
				9C8F9525250930BA00A83CD9 /* PracticeMyApp.app */,
				9C8F953B250930C200A83CD9 /* PracticeMyAppTests.xctest */,
				9C8F9546250930C200A83CD9 /* PracticeMyAppUITests.xctest */,
			);
			name = Products;
			sourceTree = "<group>";
		};
		9C8F9527250930BA00A83CD9 /* PracticeMyApp */ = {
			isa = PBXGroup;
			children = (
				9C8F9528250930BA00A83CD9 /* AppDelegate.swift */,
				9C8F952A250930BA00A83CD9 /* SceneDelegate.swift */,
				9C8F952C250930BA00A83CD9 /* ViewController.swift */,
				9C8F952E250930BA00A83CD9 /* Main.storyboard */,
				9C8F9531250930C100A83CD9 /* Assets.xcassets */,
				9C8F9533250930C100A83CD9 /* LaunchScreen.storyboard */,
				9C8F9536250930C100A83CD9 /* Info.plist */,
			);
			path = PracticeMyApp;
			sourceTree = "<group>";
		};
		9C8F953E250930C200A83CD9 /* PracticeMyAppTests */ = {
			isa = PBXGroup;
			children = (
				9C8F953F250930C200A83CD9 /* PracticeMyAppTests.swift */,
				9C8F9541250930C200A83CD9 /* Info.plist */,
			);
			path = PracticeMyAppTests;
			sourceTree = "<group>";
		};
		9C8F9549250930C200A83CD9 /* PracticeMyAppUITests */ = {
			isa = PBXGroup;
			children = (
				9C8F954A250930C200A83CD9 /* PracticeMyAppUITests.swift */,
				9C8F954C250930C200A83CD9 /* Info.plist */,
			);
			path = PracticeMyAppUITests;
			sourceTree = "<group>";
		};
/* End PBXGroup section */

/* Begin PBXNativeTarget section */
		9C8F9524250930BA00A83CD9 /* PracticeMyApp */ = {
			isa = PBXNativeTarget;
			buildConfigurationList = 9C8F954F250930C200A83CD9 /* Build configuration list for PBXNativeTarget "PracticeMyApp" */;
			buildPhases = (
				9C8F9521250930BA00A83CD9 /* Sources */,
				9C8F9522250930BA00A83CD9 /* Frameworks */,
				9C8F9523250930BA00A83CD9 /* Resources */,
			);
			buildRules = (
			);
			dependencies = (
			);
			name = PracticeMyApp;
			productName = PracticeMyApp;
			productReference = 9C8F9525250930BA00A83CD9 /* PracticeMyApp.app */;
			productType = "com.apple.product-type.application";
		};
		9C8F953A250930C200A83CD9 /* PracticeMyAppTests */ = {
			isa = PBXNativeTarget;
			buildConfigurationList = 9C8F9552250930C200A83CD9 /* Build configuration list for PBXNativeTarget "PracticeMyAppTests" */;
			buildPhases = (
				9C8F9537250930C200A83CD9 /* Sources */,
				9C8F9538250930C200A83CD9 /* Frameworks */,
				9C8F9539250930C200A83CD9 /* Resources */,
			);
			buildRules = (
			);
			dependencies = (
				9C8F953D250930C200A83CD9 /* PBXTargetDependency */,
			);
			name = PracticeMyAppTests;
			productName = PracticeMyAppTests;
			productReference = 9C8F953B250930C200A83CD9 /* PracticeMyAppTests.xctest */;
			productType = "com.apple.product-type.bundle.unit-test";
		};
		9C8F9545250930C200A83CD9 /* PracticeMyAppUITests */ = {
			isa = PBXNativeTarget;
			buildConfigurationList = 9C8F9555250930C200A83CD9 /* Build configuration list for PBXNativeTarget "PracticeMyAppUITests" */;
			buildPhases = (
				9C8F9542250930C200A83CD9 /* Sources */,
				9C8F9543250930C200A83CD9 /* Frameworks */,
				9C8F9544250930C200A83CD9 /* Resources */,
			);
			buildRules = (
			);
			dependencies = (
				9C8F9548250930C200A83CD9 /* PBXTargetDependency */,
			);
			name = PracticeMyAppUITests;
			productName = PracticeMyAppUITests;
			productReference = 9C8F9546250930C200A83CD9 /* PracticeMyAppUITests.xctest */;
			productType = "com.apple.product-type.bundle.ui-testing";
		};
/* End PBXNativeTarget section */

/* Begin PBXProject section */
		9C8F951D250930BA00A83CD9 /* Project object */ = {
			isa = PBXProject;
			attributes = {
				LastSwiftUpdateCheck = 1170;
				LastUpgradeCheck = 1170;
				ORGANIZATIONNAME = "松島優希";
				TargetAttributes = {
					9C8F9524250930BA00A83CD9 = {
						CreatedOnToolsVersion = 11.7;
					};
					9C8F953A250930C200A83CD9 = {
						CreatedOnToolsVersion = 11.7;
						TestTargetID = 9C8F9524250930BA00A83CD9;
					};
					9C8F9545250930C200A83CD9 = {
						CreatedOnToolsVersion = 11.7;
						TestTargetID = 9C8F9524250930BA00A83CD9;
					};
				};
			};
			buildConfigurationList = 9C8F9520250930BA00A83CD9 /* Build configuration list for PBXProject "PracticeMyApp" */;
			compatibilityVersion = "Xcode 9.3";
			developmentRegion = en;
			hasScannedForEncodings = 0;
			knownRegions = (
				en,
				Base,
			);
			mainGroup = 9C8F951C250930BA00A83CD9;
			productRefGroup = 9C8F9526250930BA00A83CD9 /* Products */;
			projectDirPath = "";
			projectRoot = "";
			targets = (
				9C8F9524250930BA00A83CD9 /* PracticeMyApp */,
				9C8F953A250930C200A83CD9 /* PracticeMyAppTests */,
				9C8F9545250930C200A83CD9 /* PracticeMyAppUITests */,
			);
		};
/* End PBXProject section */

/* Begin PBXResourcesBuildPhase section */
		9C8F9523250930BA00A83CD9 /* Resources */ = {
			isa = PBXResourcesBuildPhase;
			buildActionMask = 2147483647;
			files = (
				9C8F9535250930C100A83CD9 /* LaunchScreen.storyboard in Resources */,
				9C8F9532250930C100A83CD9 /* Assets.xcassets in Resources */,
				9C8F9530250930BA00A83CD9 /* Main.storyboard in Resources */,
			);
			runOnlyForDeploymentPostprocessing = 0;
		};
		9C8F9539250930C200A83CD9 /* Resources */ = {
			isa = PBXResourcesBuildPhase;
			buildActionMask = 2147483647;
			files = (
			);
			runOnlyForDeploymentPostprocessing = 0;
		};
		9C8F9544250930C200A83CD9 /* Resources */ = {
			isa = PBXResourcesBuildPhase;
			buildActionMask = 2147483647;
			files = (
			);
			runOnlyForDeploymentPostprocessing = 0;
		};
/* End PBXResourcesBuildPhase section */

/* Begin PBXSourcesBuildPhase section */
		9C8F9521250930BA00A83CD9 /* Sources */ = {
			isa = PBXSourcesBuildPhase;
			buildActionMask = 2147483647;
			files = (
				9C8F952D250930BA00A83CD9 /* ViewController.swift in Sources */,
				9C8F9529250930BA00A83CD9 /* AppDelegate.swift in Sources */,
				9C8F952B250930BA00A83CD9 /* SceneDelegate.swift in Sources */,
			);
			runOnlyForDeploymentPostprocessing = 0;
		};
		9C8F9537250930C200A83CD9 /* Sources */ = {
			isa = PBXSourcesBuildPhase;
			buildActionMask = 2147483647;
			files = (
				9C8F9540250930C200A83CD9 /* PracticeMyAppTests.swift in Sources */,
			);
			runOnlyForDeploymentPostprocessing = 0;
		};
		9C8F9542250930C200A83CD9 /* Sources */ = {
			isa = PBXSourcesBuildPhase;
			buildActionMask = 2147483647;
			files = (
				9C8F954B250930C200A83CD9 /* PracticeMyAppUITests.swift in Sources */,
			);
			runOnlyForDeploymentPostprocessing = 0;
		};
/* End PBXSourcesBuildPhase section */

/* Begin PBXTargetDependency section */
		9C8F953D250930C200A83CD9 /* PBXTargetDependency */ = {
			isa = PBXTargetDependency;
			target = 9C8F9524250930BA00A83CD9 /* PracticeMyApp */;
			targetProxy = 9C8F953C250930C200A83CD9 /* PBXContainerItemProxy */;
		};
		9C8F9548250930C200A83CD9 /* PBXTargetDependency */ = {
			isa = PBXTargetDependency;
			target = 9C8F9524250930BA00A83CD9 /* PracticeMyApp */;
			targetProxy = 9C8F9547250930C200A83CD9 /* PBXContainerItemProxy */;
		};
/* End PBXTargetDependency section */

/* Begin PBXVariantGroup section */
		9C8F952E250930BA00A83CD9 /* Main.storyboard */ = {
			isa = PBXVariantGroup;
			children = (
				9C8F952F250930BA00A83CD9 /* Base */,
			);
			name = Main.storyboard;
			sourceTree = "<group>";
		};
		9C8F9533250930C100A83CD9 /* LaunchScreen.storyboard */ = {
			isa = PBXVariantGroup;
			children = (
				9C8F9534250930C100A83CD9 /* Base */,
			);
			name = LaunchScreen.storyboard;
			sourceTree = "<group>";
		};
/* End PBXVariantGroup section */

/* Begin XCBuildConfiguration section */
		9C8F954D250930C200A83CD9 /* Debug */ = {
			isa = XCBuildConfiguration;
			buildSettings = {
				ALWAYS_SEARCH_USER_PATHS = NO;
				CLANG_ANALYZER_NONNULL = YES;
				CLANG_ANALYZER_NUMBER_OBJECT_CONVERSION = YES_AGGRESSIVE;
				CLANG_CXX_LANGUAGE_STANDARD = "gnu++14";
				CLANG_CXX_LIBRARY = "libc++";
				CLANG_ENABLE_MODULES = YES;
				CLANG_ENABLE_OBJC_ARC = YES;
				CLANG_ENABLE_OBJC_WEAK = YES;
				CLANG_WARN_BLOCK_CAPTURE_AUTORELEASING = YES;
				CLANG_WARN_BOOL_CONVERSION = YES;
				CLANG_WARN_COMMA = YES;
				CLANG_WARN_CONSTANT_CONVERSION = YES;
				CLANG_WARN_DEPRECATED_OBJC_IMPLEMENTATIONS = YES;
				CLANG_WARN_DIRECT_OBJC_ISA_USAGE = YES_ERROR;
				CLANG_WARN_DOCUMENTATION_COMMENTS = YES;
				CLANG_WARN_EMPTY_BODY = YES;
				CLANG_WARN_ENUM_CONVERSION = YES;
				CLANG_WARN_INFINITE_RECURSION = YES;
				CLANG_WARN_INT_CONVERSION = YES;
				CLANG_WARN_NON_LITERAL_NULL_CONVERSION = YES;
				CLANG_WARN_OBJC_IMPLICIT_RETAIN_SELF = YES;
				CLANG_WARN_OBJC_LITERAL_CONVERSION = YES;
				CLANG_WARN_OBJC_ROOT_CLASS = YES_ERROR;
				CLANG_WARN_RANGE_LOOP_ANALYSIS = YES;
				CLANG_WARN_STRICT_PROTOTYPES = YES;
				CLANG_WARN_SUSPICIOUS_MOVE = YES;
				CLANG_WARN_UNGUARDED_AVAILABILITY = YES_AGGRESSIVE;
				CLANG_WARN_UNREACHABLE_CODE = YES;
				CLANG_WARN__DUPLICATE_METHOD_MATCH = YES;
				COPY_PHASE_STRIP = NO;
				DEBUG_INFORMATION_FORMAT = dwarf;
				ENABLE_STRICT_OBJC_MSGSEND = YES;
				ENABLE_TESTABILITY = YES;
				GCC_C_LANGUAGE_STANDARD = gnu11;
				GCC_DYNAMIC_NO_PIC = NO;
				GCC_NO_COMMON_BLOCKS = YES;
				GCC_OPTIMIZATION_LEVEL = 0;
				GCC_PREPROCESSOR_DEFINITIONS = (
					"DEBUG=1",
					"$(inherited)",
				);
				GCC_WARN_64_TO_32_BIT_CONVERSION = YES;
				GCC_WARN_ABOUT_RETURN_TYPE = YES_ERROR;
				GCC_WARN_UNDECLARED_SELECTOR = YES;
				GCC_WARN_UNINITIALIZED_AUTOS = YES_AGGRESSIVE;
				GCC_WARN_UNUSED_FUNCTION = YES;
				GCC_WARN_UNUSED_VARIABLE = YES;
				IPHONEOS_DEPLOYMENT_TARGET = 13.7;
				MTL_ENABLE_DEBUG_INFO = INCLUDE_SOURCE;
				MTL_FAST_MATH = YES;
				ONLY_ACTIVE_ARCH = YES;
				SDKROOT = iphoneos;
				SWIFT_ACTIVE_COMPILATION_CONDITIONS = DEBUG;
				SWIFT_OPTIMIZATION_LEVEL = "-Onone";
			};
			name = Debug;
		};
		9C8F954E250930C200A83CD9 /* Release */ = {
			isa = XCBuildConfiguration;
			buildSettings = {
				ALWAYS_SEARCH_USER_PATHS = NO;
				CLANG_ANALYZER_NONNULL = YES;
				CLANG_ANALYZER_NUMBER_OBJECT_CONVERSION = YES_AGGRESSIVE;
				CLANG_CXX_LANGUAGE_STANDARD = "gnu++14";
				CLANG_CXX_LIBRARY = "libc++";
				CLANG_ENABLE_MODULES = YES;
				CLANG_ENABLE_OBJC_ARC = YES;
				CLANG_ENABLE_OBJC_WEAK = YES;
				CLANG_WARN_BLOCK_CAPTURE_AUTORELEASING = YES;
				CLANG_WARN_BOOL_CONVERSION = YES;
				CLANG_WARN_COMMA = YES;
				CLANG_WARN_CONSTANT_CONVERSION = YES;
				CLANG_WARN_DEPRECATED_OBJC_IMPLEMENTATIONS = YES;
				CLANG_WARN_DIRECT_OBJC_ISA_USAGE = YES_ERROR;
				CLANG_WARN_DOCUMENTATION_COMMENTS = YES;
				CLANG_WARN_EMPTY_BODY = YES;
				CLANG_WARN_ENUM_CONVERSION = YES;
				CLANG_WARN_INFINITE_RECURSION = YES;
				CLANG_WARN_INT_CONVERSION = YES;
				CLANG_WARN_NON_LITERAL_NULL_CONVERSION = YES;
				CLANG_WARN_OBJC_IMPLICIT_RETAIN_SELF = YES;
				CLANG_WARN_OBJC_LITERAL_CONVERSION = YES;
				CLANG_WARN_OBJC_ROOT_CLASS = YES_ERROR;
				CLANG_WARN_RANGE_LOOP_ANALYSIS = YES;
				CLANG_WARN_STRICT_PROTOTYPES = YES;
				CLANG_WARN_SUSPICIOUS_MOVE = YES;
				CLANG_WARN_UNGUARDED_AVAILABILITY = YES_AGGRESSIVE;
				CLANG_WARN_UNREACHABLE_CODE = YES;
				CLANG_WARN__DUPLICATE_METHOD_MATCH = YES;
				COPY_PHASE_STRIP = NO;
				DEBUG_INFORMATION_FORMAT = "dwarf-with-dsym";
				ENABLE_NS_ASSERTIONS = NO;
				ENABLE_STRICT_OBJC_MSGSEND = YES;
				GCC_C_LANGUAGE_STANDARD = gnu11;
				GCC_NO_COMMON_BLOCKS = YES;
				GCC_WARN_64_TO_32_BIT_CONVERSION = YES;
				GCC_WARN_ABOUT_RETURN_TYPE = YES_ERROR;
				GCC_WARN_UNDECLARED_SELECTOR = YES;
				GCC_WARN_UNINITIALIZED_AUTOS = YES_AGGRESSIVE;
				GCC_WARN_UNUSED_FUNCTION = YES;
				GCC_WARN_UNUSED_VARIABLE = YES;
				IPHONEOS_DEPLOYMENT_TARGET = 13.7;
				MTL_ENABLE_DEBUG_INFO = NO;
				MTL_FAST_MATH = YES;
				SDKROOT = iphoneos;
				SWIFT_COMPILATION_MODE = wholemodule;
				SWIFT_OPTIMIZATION_LEVEL = "-O";
				VALIDATE_PRODUCT = YES;
			};
			name = Release;
		};
		9C8F9550250930C200A83CD9 /* Debug */ = {
			isa = XCBuildConfiguration;
			buildSettings = {
				ASSETCATALOG_COMPILER_APPICON_NAME = AppIcon;
				CODE_SIGN_STYLE = Automatic;
				INFOPLIST_FILE = PracticeMyApp/Info.plist;
				LD_RUNPATH_SEARCH_PATHS = (
					"$(inherited)",
					"@executable_path/Frameworks",
				);
				PRODUCT_BUNDLE_IDENTIFIER = app.matsushima.mukku.PracticeMyApp;
				PRODUCT_NAME = "$(TARGET_NAME)";
				SWIFT_VERSION = 5.0;
				TARGETED_DEVICE_FAMILY = "1,2";
			};
			name = Debug;
		};
		9C8F9551250930C200A83CD9 /* Release */ = {
			isa = XCBuildConfiguration;
			buildSettings = {
				ASSETCATALOG_COMPILER_APPICON_NAME = AppIcon;
				CODE_SIGN_STYLE = Automatic;
				INFOPLIST_FILE = PracticeMyApp/Info.plist;
				LD_RUNPATH_SEARCH_PATHS = (
					"$(inherited)",
					"@executable_path/Frameworks",
				);
				PRODUCT_BUNDLE_IDENTIFIER = app.matsushima.mukku.PracticeMyApp;
				PRODUCT_NAME = "$(TARGET_NAME)";
				SWIFT_VERSION = 5.0;
				TARGETED_DEVICE_FAMILY = "1,2";
			};
			name = Release;
		};
		9C8F9553250930C200A83CD9 /* Debug */ = {
			isa = XCBuildConfiguration;
			buildSettings = {
				ALWAYS_EMBED_SWIFT_STANDARD_LIBRARIES = YES;
				BUNDLE_LOADER = "$(TEST_HOST)";
				CODE_SIGN_STYLE = Automatic;
				INFOPLIST_FILE = PracticeMyAppTests/Info.plist;
				IPHONEOS_DEPLOYMENT_TARGET = 13.7;
				LD_RUNPATH_SEARCH_PATHS = (
					"$(inherited)",
					"@executable_path/Frameworks",
					"@loader_path/Frameworks",
				);
				PRODUCT_BUNDLE_IDENTIFIER = app.matsushima.mukku.PracticeMyAppTests;
				PRODUCT_NAME = "$(TARGET_NAME)";
				SWIFT_VERSION = 5.0;
				TARGETED_DEVICE_FAMILY = "1,2";
				TEST_HOST = "$(BUILT_PRODUCTS_DIR)/PracticeMyApp.app/PracticeMyApp";
			};
			name = Debug;
		};
		9C8F9554250930C200A83CD9 /* Release */ = {
			isa = XCBuildConfiguration;
			buildSettings = {
				ALWAYS_EMBED_SWIFT_STANDARD_LIBRARIES = YES;
				BUNDLE_LOADER = "$(TEST_HOST)";
				CODE_SIGN_STYLE = Automatic;
				INFOPLIST_FILE = PracticeMyAppTests/Info.plist;
				IPHONEOS_DEPLOYMENT_TARGET = 13.7;
				LD_RUNPATH_SEARCH_PATHS = (
					"$(inherited)",
					"@executable_path/Frameworks",
					"@loader_path/Frameworks",
				);
				PRODUCT_BUNDLE_IDENTIFIER = app.matsushima.mukku.PracticeMyAppTests;
				PRODUCT_NAME = "$(TARGET_NAME)";
				SWIFT_VERSION = 5.0;
				TARGETED_DEVICE_FAMILY = "1,2";
				TEST_HOST = "$(BUILT_PRODUCTS_DIR)/PracticeMyApp.app/PracticeMyApp";
			};
			name = Release;
		};
		9C8F9556250930C200A83CD9 /* Debug */ = {
			isa = XCBuildConfiguration;
			buildSettings = {
				ALWAYS_EMBED_SWIFT_STANDARD_LIBRARIES = YES;
				CODE_SIGN_STYLE = Automatic;
				INFOPLIST_FILE = PracticeMyAppUITests/Info.plist;
				LD_RUNPATH_SEARCH_PATHS = (
					"$(inherited)",
					"@executable_path/Frameworks",
					"@loader_path/Frameworks",
				);
				PRODUCT_BUNDLE_IDENTIFIER = app.matsushima.mukku.PracticeMyAppUITests;
				PRODUCT_NAME = "$(TARGET_NAME)";
				SWIFT_VERSION = 5.0;
				TARGETED_DEVICE_FAMILY = "1,2";
				TEST_TARGET_NAME = PracticeMyApp;
			};
			name = Debug;
		};
		9C8F9557250930C200A83CD9 /* Release */ = {
			isa = XCBuildConfiguration;
			buildSettings = {
				ALWAYS_EMBED_SWIFT_STANDARD_LIBRARIES = YES;
				CODE_SIGN_STYLE = Automatic;
				INFOPLIST_FILE = PracticeMyAppUITests/Info.plist;
				LD_RUNPATH_SEARCH_PATHS = (
					"$(inherited)",
					"@executable_path/Frameworks",
					"@loader_path/Frameworks",
				);
				PRODUCT_BUNDLE_IDENTIFIER = app.matsushima.mukku.PracticeMyAppUITests;
				PRODUCT_NAME = "$(TARGET_NAME)";
				SWIFT_VERSION = 5.0;
				TARGETED_DEVICE_FAMILY = "1,2";
				TEST_TARGET_NAME = PracticeMyApp;
			};
			name = Release;
		};
/* End XCBuildConfiguration section */

/* Begin XCConfigurationList section */
		9C8F9520250930BA00A83CD9 /* Build configuration list for PBXProject "PracticeMyApp" */ = {
			isa = XCConfigurationList;
			buildConfigurations = (
				9C8F954D250930C200A83CD9 /* Debug */,
				9C8F954E250930C200A83CD9 /* Release */,
			);
			defaultConfigurationIsVisible = 0;
			defaultConfigurationName = Release;
		};
		9C8F954F250930C200A83CD9 /* Build configuration list for PBXNativeTarget "PracticeMyApp" */ = {
			isa = XCConfigurationList;
			buildConfigurations = (
				9C8F9550250930C200A83CD9 /* Debug */,
				9C8F9551250930C200A83CD9 /* Release */,
			);
			defaultConfigurationIsVisible = 0;
			defaultConfigurationName = Release;
		};
		9C8F9552250930C200A83CD9 /* Build configuration list for PBXNativeTarget "PracticeMyAppTests" */ = {
			isa = XCConfigurationList;
			buildConfigurations = (
				9C8F9553250930C200A83CD9 /* Debug */,
				9C8F9554250930C200A83CD9 /* Release */,
			);
			defaultConfigurationIsVisible = 0;
			defaultConfigurationName = Release;
		};
		9C8F9555250930C200A83CD9 /* Build configuration list for PBXNativeTarget "PracticeMyAppUITests" */ = {
			isa = XCConfigurationList;
			buildConfigurations = (
				9C8F9556250930C200A83CD9 /* Debug */,
				9C8F9557250930C200A83CD9 /* Release */,
			);
			defaultConfigurationIsVisible = 0;
			defaultConfigurationName = Release;
		};
/* End XCConfigurationList section */
	};
	rootObject = 9C8F951D250930BA00A83CD9 /* Project object */;
}
